
Microsoft Visual Studio Solution File, Format Version 12.00
# Visual Studio 15
VisualStudioVersion = 15.0.26730.16
MinimumVisualStudioVersion = 10.0.40219.1
Project("{FAE04EC0-301F-11D3-BF4B-00C04F79EFBC}") = "BustosApartment(SAD)", "BustosApartment(SAD)\BustosApartment(SAD).csproj", "{B7931CAC-FBCA-4254-8F33-844832388333}"
EndProject
Global
	GlobalSection(SolutionConfigurationPlatforms) = preSolution
		Debug|Any CPU = Debug|Any CPU
		Release|Any CPU = Release|Any CPU
	EndGlobalSection
	GlobalSection(ProjectConfigurationPlatforms) = postSolution
		{B7931CAC-FBCA-4254-8F33-844832388333}.Debug|Any CPU.ActiveCfg = Debug|Any CPU
		{B7931CAC-FBCA-4254-8F33-844832388333}.Debug|Any CPU.Build.0 = Debug|Any CPU
		{B7931CAC-FBCA-4254-8F33-844832388333}.Release|Any CPU.ActiveCfg = Release|Any CPU
		{B7931CAC-FBCA-4254-8F33-844832388333}.Release|Any CPU.Build.0 = Release|Any CPU
	EndGlobalSection
	GlobalSection(SolutionProperties) = preSolution
		HideSolutionNode = FALSE
	EndGlobalSection
	GlobalSection(ExtensibilityGlobals) = postSolution
		SolutionGuid = {36625695-2764-48E1-BCB4-0716F6193DA9}
	EndGlobalSection
EndGlobal
